filippo.io/edwards25519 v1.1.0 h1:FNf4tywRC1HmFuKW5xopWpigGjJKiJSV0Cqo0cJWDaA=
filippo.io/edwards25519 v1.1.0/go.mod h1:BxyFTGdWcka3PhytdK4V28tE5sGfRvvvRV7EaN4VDT4=
github.com/ErwinSalas/go-eda/common v0.0.0-20241022011303-1e4058f9e174 h1:kRMGjG/dlHIMtN6Q7RiebQUw2nVNwhibCKlkHcw/ci0=
github.com/ErwinSalas/go-eda/common v0.0.0-20241022011303-1e4058f9e174/go.mod h1:ZN6mwwZMin6xkyenJIoByaznZGpEGmM39A9bHjEqjU4=
github.com/aws/aws-sdk-go-v2 v1.32.2 h1:AkNLZEyYMLnx/Q/mSKkcMqwNFXMAvFto9bNsHqcTduI=
github.com/aws/aws-sdk-go-v2 v1.32.2/go.mod h1:2SK5n0a2karNTv5tbP1SjsX0uhttou00v/HpXKM1ZUo=
github.com/aws/aws-sdk-go-v2/internal/configsources v1.3.21 h1:UAsR3xA31QGf79WzpG/ixT9FZvQlh5HY1NRqSHBNOCk=
github.com/aws/aws-sdk-go-v2/internal/configsources v1.3.21/go.mod h1:JNr43NFf5L9YaG3eKTm7HQzls9J+A9YYcGI5Quh1r2Y=
github.com/aws/aws-sdk-go-v2/internal/endpoints/v2 v2.6.21 h1:6jZVETqmYCadGFvrYEQfC5fAQmlo80CeL5psbno6r0s=
github.com/aws/aws-sdk-go-v2/internal/endpoints/v2 v2.6.21/go.mod h1:1SR0GbLlnN3QUmYaflZNiH1ql+1qrSiB2vwcJ+4UM60=
github.com/aws/aws-sdk-go-v2/service/sns v1.33.2 h1:GeVRrB1aJsGdXxdPY6VOv0SWs+pfdeDlKgiBxi0+V6I=
github.com/aws/aws-sdk-go-v2/service/sns v1.33.2/go.mod h1:c6Sj8zleZXYs4nyU3gpDKTzPWu7+t30YUXoLYRpbUvU=
github.com/aws/smithy-go v1.22.0 h1:uunKnWlcoL3zO7q+gG2Pk53joueEOsnNB28QdMsmiMM=
github.com/aws/smithy-go v1.22.0/go.mod h1:irrKGvNn1InZwb2d7fkIRNucdfwR8R+Ts3wxYa/cJHg=
github.com/go-sql-driver/mysql v1.8.1 h1:LedoTUt/eveggdHS9qUFC1EFSa8bU2+1pZjSRpvNJ1Y=
github.com/go-sql-driver/mysql v1.8.1/go.mod h1:wEBSXgmK//2ZFJyE+qWnIsVGmvmEKlqwuVSjsCm7DZg=
